
Microsoft Visual Studio Solution File, Format Version 12.00
# Visual Studio Version 16
VisualStudioVersion = 16.0.32901.82
MinimumVisualStudioVersion = 10.0.40219.1
Project("{FAE04EC0-301F-11D3-BF4B-00C04F79EFBC}") = "Game14th", "Game14th.csproj", "{15E44FA3-48EF-45F9-A1B3-A59E30F0BC0F}"
EndProject
Global
	GlobalSection(SolutionConfigurationPlatforms) = preSolution
		Debug|Any CPU = Debug|Any CPU
		Release|Any CPU = Release|Any CPU
	EndGlobalSection
	GlobalSection(ProjectConfigurationPlatforms) = postSolution
		{15E44FA3-48EF-45F9-A1B3-A59E30F0BC0F}.Debug|Any CPU.ActiveCfg = Debug|Any CPU
		{15E44FA3-48EF-45F9-A1B3-A59E30F0BC0F}.Debug|Any CPU.Build.0 = Debug|Any CPU
		{15E44FA3-48EF-45F9-A1B3-A59E30F0BC0F}.Release|Any CPU.ActiveCfg = Release|Any CPU
		{15E44FA3-48EF-45F9-A1B3-A59E30F0BC0F}.Release|Any CPU.Build.0 = Release|Any CPU
	EndGlobalSection
	GlobalSection(SolutionProperties) = preSolution
		HideSolutionNode = FALSE
	EndGlobalSection
	GlobalSection(ExtensibilityGlobals) = postSolution
		SolutionGuid = {10C17A9C-5E69-41DB-A71A-13CF75B437D1}
	EndGlobalSection
EndGlobal
